{
  "meteor": {},
  "dependencies": {
    "basePackages": {
      "jasmine-unit": {}
    },
    "packages": {
      "jasmine-unit": {
        "git": "https://github.com/xolvio/jasmine-unit.git",
        "tag": "v0.1.20",
        "commit": "9c5b0d03013f01a15d61233152381094238fcb4a"
      },
      "velocity": {
        "git": "https://github.com/xolvio/velocity.git",
        "tag": "v0.1.11",
        "commit": "a13c44c5acc0f4e7490bc28bc323d3dee799f9a3"
      },
      "package-stubber": {
        "git": "https://github.com/alanning/meteor-package-stubber.git",
        "tag": "v0.0.9",
        "commit": "30ad312bae0f7acdfe12c85e3a65479119b4e8c7"
      }
    }
  }
}
