{
  "meteor": {},
  "dependencies": {
    "basePackages": {
      "bootstrap-3": {},
      "jasmine-unit": {},
      "velocity-html-reporter": {}
    },
    "packages": {
      "bootstrap-3": {
        "git": "https://github.com/mangasocial/meteor-bootstrap-3.git",
        "tag": "v3.2.0-1",
        "commit": "17a63902fc6cf1096c5289d963c66cf28b474727"
      },
      "jasmine-unit": {
        "git": "https://github.com/xolvio/jasmine-unit.git",
        "tag": "v0.1.24",
        "commit": "885dde77a96390d0fd31b03756f837f482db2ef1"
      },
      "velocity-html-reporter": {
        "git": "https://github.com/rdickert/velocity-html-reporter.git",
        "tag": "v0.1.4",
        "commit": "55f973519fb6db831678219057854b94a4cec846"
      },
      "velocity": {
        "git": "https://github.com/xolvio/velocity.git",
        "tag": "v0.1.14",
        "commit": "a79260e019e385dce09a67f1017f90d3143a12d9"
      },
      "package-stubber": {
        "git": "https://github.com/alanning/meteor-package-stubber.git",
        "tag": "v0.0.15",
        "commit": "62ad08f8486aacbbc5ec22ea6e2a31573748b7d7"
      }
    }
  }
}
